
Microsoft Visual Studio Solution File, Format Version 12.00
# Visual Studio Version 16
VisualStudioVersion = 16.0.29709.97
MinimumVisualStudioVersion = 10.0.40219.1
Project("{FAE04EC0-301F-11D3-BF4B-00C04F79EFBC}") = "Triangulation", "Triangulation\Triangulation.csproj", "{B1BCB892-643D-4C03-864B-6124AB7BBC92}"
EndProject
Global
	GlobalSection(SolutionConfigurationPlatforms) = preSolution
		Debug|Any CPU = Debug|Any CPU
		Release|Any CPU = Release|Any CPU
	EndGlobalSection
	GlobalSection(ProjectConfigurationPlatforms) = postSolution
		{B1BCB892-643D-4C03-864B-6124AB7BBC92}.Debug|Any CPU.ActiveCfg = Debug|Any CPU
		{B1BCB892-643D-4C03-864B-6124AB7BBC92}.Debug|Any CPU.Build.0 = Debug|Any CPU
		{B1BCB892-643D-4C03-864B-6124AB7BBC92}.Release|Any CPU.ActiveCfg = Release|Any CPU
		{B1BCB892-643D-4C03-864B-6124AB7BBC92}.Release|Any CPU.Build.0 = Release|Any CPU
	EndGlobalSection
	GlobalSection(SolutionProperties) = preSolution
		HideSolutionNode = FALSE
	EndGlobalSection
	GlobalSection(ExtensibilityGlobals) = postSolution
		SolutionGuid = {C2B18291-EEDF-4C8C-9441-A43850225E1C}
	EndGlobalSection
EndGlobal
